  /home/wschenk/willschenk.com/content/articles/2020/looking_at_packagejson:
  total used in directory 56 available 278.5 GiB
  drwxr-xr-x 1 wschenk wschenk   210 Oct 16 13:00 .
  drwxr-xr-x 1 wschenk wschenk  2828 Nov 17 17:13 ..
  -rw-r--r-- 1 wschenk wschenk   522 Oct 13 14:24 guess_deps.js
  -rw-r--r-- 1 wschenk wschenk 12329 Oct 13 14:24 index.org
  -rw-r--r-- 1 wschenk wschenk   559 Oct 13 14:24 module_to_repo.js
  drwxr-xr-x 1 wschenk wschenk  1306 Sep 10 12:04 node_modules
  -rw-r--r-- 1 wschenk wschenk   629 Oct 13 14:24 outofdate.js
  -rw-r--r-- 1 wschenk wschenk   290 Sep 10 12:04 package.json
  -rw-r--r-- 1 wschenk wschenk 19204 Sep 10 12:04 package-lock.json
  -rw-r--r-- 1 wschenk wschenk   285 Oct 13 14:24 parse_lock.js
